
Microsoft Visual Studio Solution File, Format Version 12.00
# Visual Studio Version 17
VisualStudioVersion = 17.14.36109.1 d17.14
MinimumVisualStudioVersion = 10.0.40219.1
Project("{FAE04EC0-301F-11D3-BF4B-00C04F79EFBC}") = "Checkout-layout", "Checkout-layout\Checkout-layout.csproj", "{7ADACB37-AF90-4942-89CB-A75295BC182A}"
EndProject
Global
	GlobalSection(SolutionConfigurationPlatforms) = preSolution
		Debug|Any CPU = Debug|Any CPU
		Release|Any CPU = Release|Any CPU
	EndGlobalSection
	GlobalSection(ProjectConfigurationPlatforms) = postSolution
		{7ADACB37-AF90-4942-89CB-A75295BC182A}.Debug|Any CPU.ActiveCfg = Debug|Any CPU
		{7ADACB37-AF90-4942-89CB-A75295BC182A}.Debug|Any CPU.Build.0 = Debug|Any CPU
		{7ADACB37-AF90-4942-89CB-A75295BC182A}.Release|Any CPU.ActiveCfg = Release|Any CPU
		{7ADACB37-AF90-4942-89CB-A75295BC182A}.Release|Any CPU.Build.0 = Release|Any CPU
	EndGlobalSection
	GlobalSection(SolutionProperties) = preSolution
		HideSolutionNode = FALSE
	EndGlobalSection
	GlobalSection(ExtensibilityGlobals) = postSolution
		SolutionGuid = {8D21B972-8365-42D5-B5CE-2EC289333B62}
	EndGlobalSection
EndGlobal
